
Microsoft Visual Studio Solution File, Format Version 12.00
# Visual Studio Version 17
VisualStudioVersion = 17.0.32002.185
MinimumVisualStudioVersion = 10.0.40219.1
Project("{FAE04EC0-301F-11D3-BF4B-00C04F79EFBC}") = "lab3", "lab3\lab3.csproj", "{4C1CA63F-C730-4B38-844C-868B18A82EA4}"
EndProject
Global
	GlobalSection(SolutionConfigurationPlatforms) = preSolution
		Debug|Any CPU = Debug|Any CPU
		Release|Any CPU = Release|Any CPU
	EndGlobalSection
	GlobalSection(ProjectConfigurationPlatforms) = postSolution
		{4C1CA63F-C730-4B38-844C-868B18A82EA4}.Debug|Any CPU.ActiveCfg = Debug|Any CPU
		{4C1CA63F-C730-4B38-844C-868B18A82EA4}.Debug|Any CPU.Build.0 = Debug|Any CPU
		{4C1CA63F-C730-4B38-844C-868B18A82EA4}.Release|Any CPU.ActiveCfg = Release|Any CPU
		{4C1CA63F-C730-4B38-844C-868B18A82EA4}.Release|Any CPU.Build.0 = Release|Any CPU
	EndGlobalSection
	GlobalSection(SolutionProperties) = preSolution
		HideSolutionNode = FALSE
	EndGlobalSection
	GlobalSection(ExtensibilityGlobals) = postSolution
		SolutionGuid = {48A9F05D-2DF1-4112-BFE0-7557C2D06427}
	EndGlobalSection
EndGlobal
